// !$*UTF8*$!
{
	archiveVersion = 1;
	classes = {
	};
	objectVersion = 46;
	objects = {

/* Begin PBXBuildFile section */
		4863D0D41DC9ACF300BEA113 /* main.cpp in Sources */ = {isa = PBXBuildFile; fileRef = 4863D0D31DC9ACF300BEA113 /* main.cpp */; };
		4863D0DC1DC9ADB200BEA113 /* Account.cpp in Sources */ = {isa = PBXBuildFile; fileRef = 4863D0DA1DC9ADB200BEA113 /* Account.cpp */; };
		4863D0DF1DC9ADCD00BEA113 /* Transaction.cpp in Sources */ = {isa = PBXBuildFile; fileRef = 4863D0DD1DC9ADCD00BEA113 /* Transaction.cpp */; };
		4863D0E11DC9AE6800BEA113 /* Date.cpp in Sources */ = {isa = PBXBuildFile; fileRef = 4863D0E01DC9AE6800BEA113 /* Date.cpp */; };
/* End PBXBuildFile section */

/* Begin PBXCopyFilesBuildPhase section */
		4863D0CE1DC9ACF300BEA113 /* CopyFiles */ = {
			isa = PBXCopyFilesBuildPhase;
			buildActionMask = 2147483647;
			dstPath = /usr/share/man/man1/;
			dstSubfolderSpec = 0;
			files = (
			);
			runOnlyForDeploymentPostprocessing = 1;
		};
/* End PBXCopyFilesBuildPhase section */

/* Begin PBXFileReference section */
		4863D0D01DC9ACF300BEA113 /* EX05_05 */ = {isa = PBXFileReference; explicitFileType = "compiled.mach-o.executable"; includeInIndex = 0; path = EX05_05; sourceTree = BUILT_PRODUCTS_DIR; };
		4863D0D31DC9ACF300BEA113 /* main.cpp */ = {isa = PBXFileReference; lastKnownFileType = sourcecode.cpp.cpp; path = main.cpp; sourceTree = "<group>"; };
		4863D0DA1DC9ADB200BEA113 /* Account.cpp */ = {isa = PBXFileReference; fileEncoding = 4; lastKnownFileType = sourcecode.cpp.cpp; path = Account.cpp; sourceTree = "<group>"; };
		4863D0DB1DC9ADB200BEA113 /* Account.hpp */ = {isa = PBXFileReference; fileEncoding = 4; lastKnownFileType = sourcecode.cpp.h; path = Account.hpp; sourceTree = "<group>"; };
		4863D0DD1DC9ADCD00BEA113 /* Transaction.cpp */ = {isa = PBXFileReference; fileEncoding = 4; lastKnownFileType = sourcecode.cpp.cpp; path = Transaction.cpp; sourceTree = "<group>"; };
		4863D0DE1DC9ADCD00BEA113 /* Transaction.hpp */ = {isa = PBXFileReference; fileEncoding = 4; lastKnownFileType = sourcecode.cpp.h; path = Transaction.hpp; sourceTree = "<group>"; };
		4863D0E01DC9AE6800BEA113 /* Date.cpp */ = {isa = PBXFileReference; fileEncoding = 4; lastKnownFileType = sourcecode.cpp.cpp; path = Date.cpp; sourceTree = "<group>"; };
		4863D0E21DC9AF8E00BEA113 /* Date.h */ = {isa = PBXFileReference; lastKnownFileType = sourcecode.c.h; path = Date.h; sourceTree = "<group>"; };
/* End PBXFileReference section */

/* Begin PBXFrameworksBuildPhase section */
		4863D0CD1DC9ACF300BEA113 /* Frameworks */ = {
			isa = PBXFrameworksBuildPhase;
			buildActionMask = 2147483647;
			files = (
			);
			runOnlyForDeploymentPostprocessing = 0;
		};
/* End PBXFrameworksBuildPhase section */

/* Begin PBXGroup section */
		4863D0C71DC9ACF300BEA113 = {
			isa = PBXGroup;
			children = (
				4863D0D21DC9ACF300BEA113 /* EX05_05 */,
				4863D0D11DC9ACF300BEA113 /* Products */,
			);
			sourceTree = "<group>";
		};
		4863D0D11DC9ACF300BEA113 /* Products */ = {
			isa = PBXGroup;
			children = (
				4863D0D01DC9ACF300BEA113 /* EX05_05 */,
			);
			name = Products;
			sourceTree = "<group>";
		};
		4863D0D21DC9ACF300BEA113 /* EX05_05 */ = {
			isa = PBXGroup;
			children = (
				4863D0D31DC9ACF300BEA113 /* main.cpp */,
				4863D0E01DC9AE6800BEA113 /* Date.cpp */,
				4863D0E21DC9AF8E00BEA113 /* Date.h */,
				4863D0DD1DC9ADCD00BEA113 /* Transaction.cpp */,
				4863D0DE1DC9ADCD00BEA113 /* Transaction.hpp */,
				4863D0DA1DC9ADB200BEA113 /* Account.cpp */,
				4863D0DB1DC9ADB200BEA113 /* Account.hpp */,
			);
			path = EX05_05;
			sourceTree = "<group>";
		};
/* End PBXGroup section */

/* Begin PBXNativeTarget section */
		4863D0CF1DC9ACF300BEA113 /* EX05_05 */ = {
			isa = PBXNativeTarget;
			buildConfigurationList = 4863D0D71DC9ACF300BEA113 /* Build configuration list for PBXNativeTarget "EX05_05" */;
			buildPhases = (
				4863D0CC1DC9ACF300BEA113 /* Sources */,
				4863D0CD1DC9ACF300BEA113 /* Frameworks */,
				4863D0CE1DC9ACF300BEA113 /* CopyFiles */,
			);
			buildRules = (
			);
			dependencies = (
			);
			name = EX05_05;
			productName = EX05_05;
			productReference = 4863D0D01DC9ACF300BEA113 /* EX05_05 */;
			productType = "com.apple.product-type.tool";
		};
/* End PBXNativeTarget section */

/* Begin PBXProject section */
		4863D0C81DC9ACF300BEA113 /* Project object */ = {
			isa = PBXProject;
			attributes = {
				LastUpgradeCheck = 0800;
				ORGANIZATIONNAME = "Eben Schumann";
				TargetAttributes = {
					4863D0CF1DC9ACF300BEA113 = {
						CreatedOnToolsVersion = 8.0;
						ProvisioningStyle = Automatic;
					};
				};
			};
			buildConfigurationList = 4863D0CB1DC9ACF300BEA113 /* Build configuration list for PBXProject "EX05_05" */;
			compatibilityVersion = "Xcode 3.2";
			developmentRegion = English;
			hasScannedForEncodings = 0;
			knownRegions = (
				en,
			);
			mainGroup = 4863D0C71DC9ACF300BEA113;
			productRefGroup = 4863D0D11DC9ACF300BEA113 /* Products */;
			projectDirPath = "";
			projectRoot = "";
			targets = (
				4863D0CF1DC9ACF300BEA113 /* EX05_05 */,
			);
		};
/* End PBXProject section */

/* Begin PBXSourcesBuildPhase section */
		4863D0CC1DC9ACF300BEA113 /* Sources */ = {
			isa = PBXSourcesBuildPhase;
			buildActionMask = 2147483647;
			files = (
				4863D0DF1DC9ADCD00BEA113 /* Transaction.cpp in Sources */,
				4863D0D41DC9ACF300BEA113 /* main.cpp in Sources */,
				4863D0DC1DC9ADB200BEA113 /* Account.cpp in Sources */,
				4863D0E11DC9AE6800BEA113 /* Date.cpp in Sources */,
			);
			runOnlyForDeploymentPostprocessing = 0;
		};
/* End PBXSourcesBuildPhase section */

/* Begin XCBuildConfiguration section */
		4863D0D51DC9ACF300BEA113 /* Debug */ = {
			isa = XCBuildConfiguration;
			buildSettings = {
				ALWAYS_SEARCH_USER_PATHS = NO;
				CLANG_ANALYZER_NONNULL = YES;
				CLANG_CXX_LANGUAGE_STANDARD = "gnu++0x";
				CLANG_CXX_LIBRARY = "libc++";
				CLANG_ENABLE_MODULES = YES;
				CLANG_ENABLE_OBJC_ARC = YES;
				CLANG_WARN_BOOL_CONVERSION = YES;
				CLANG_WARN_CONSTANT_CONVERSION = YES;
				CLANG_WARN_DIRECT_OBJC_ISA_USAGE = YES_ERROR;
				CLANG_WARN_DOCUMENTATION_COMMENTS = YES;
				CLANG_WARN_EMPTY_BODY = YES;
				CLANG_WARN_ENUM_CONVERSION = YES;
				CLANG_WARN_INFINITE_RECURSION = YES;
				CLANG_WARN_INT_CONVERSION = YES;
				CLANG_WARN_OBJC_ROOT_CLASS = YES_ERROR;
				CLANG_WARN_SUSPICIOUS_MOVES = YES;
				CLANG_WARN_UNREACHABLE_CODE = YES;
				CLANG_WARN__DUPLICATE_METHOD_MATCH = YES;
				CODE_SIGN_IDENTITY = "-";
				COPY_PHASE_STRIP = NO;
				DEBUG_INFORMATION_FORMAT = dwarf;
				ENABLE_STRICT_OBJC_MSGSEND = YES;
				ENABLE_TESTABILITY = YES;
				GCC_C_LANGUAGE_STANDARD = gnu99;
				GCC_DYNAMIC_NO_PIC = NO;
				GCC_NO_COMMON_BLOCKS = YES;
				GCC_OPTIMIZATION_LEVEL = 0;
				GCC_PREPROCESSOR_DEFINITIONS = (
					"DEBUG=1",
					"$(inherited)",
				);
				GCC_WARN_64_TO_32_BIT_CONVERSION = YES;
				GCC_WARN_ABOUT_RETURN_TYPE = YES_ERROR;
				GCC_WARN_UNDECLARED_SELECTOR = YES;
				GCC_WARN_UNINITIALIZED_AUTOS = YES_AGGRESSIVE;
				GCC_WARN_UNUSED_FUNCTION = YES;
				GCC_WARN_UNUSED_VARIABLE = YES;
				MACOSX_DEPLOYMENT_TARGET = 10.12;
				MTL_ENABLE_DEBUG_INFO = YES;
				ONLY_ACTIVE_ARCH = YES;
				SDKROOT = macosx;
			};
			name = Debug;
		};
		4863D0D61DC9ACF300BEA113 /* Release */ = {
			isa = XCBuildConfiguration;
			buildSettings = {
				ALWAYS_SEARCH_USER_PATHS = NO;
				CLANG_ANALYZER_NONNULL = YES;
				CLANG_CXX_LANGUAGE_STANDARD = "gnu++0x";
				CLANG_CXX_LIBRARY = "libc++";
				CLANG_ENABLE_MODULES = YES;
				CLANG_ENABLE_OBJC_ARC = YES;
				CLANG_WARN_BOOL_CONVERSION = YES;
				CLANG_WARN_CONSTANT_CONVERSION = YES;
				CLANG_WARN_DIRECT_OBJC_ISA_USAGE = YES_ERROR;
				CLANG_WARN_DOCUMENTATION_COMMENTS = YES;
				CLANG_WARN_EMPTY_BODY = YES;
				CLANG_WARN_ENUM_CONVERSION = YES;
				CLANG_WARN_INFINITE_RECURSION = YES;
				CLANG_WARN_INT_CONVERSION = YES;
				CLANG_WARN_OBJC_ROOT_CLASS = YES_ERROR;
				CLANG_WARN_SUSPICIOUS_MOVES = YES;
				CLANG_WARN_UNREACHABLE_CODE = YES;
				CLANG_WARN__DUPLICATE_METHOD_MATCH = YES;
				CODE_SIGN_IDENTITY = "-";
				COPY_PHASE_STRIP = NO;
				DEBUG_INFORMATION_FORMAT = "dwarf-with-dsym";
				ENABLE_NS_ASSERTIONS = NO;
				ENABLE_STRICT_OBJC_MSGSEND = YES;
				GCC_C_LANGUAGE_STANDARD = gnu99;
				GCC_NO_COMMON_BLOCKS = YES;
				GCC_WARN_64_TO_32_BIT_CONVERSION = YES;
				GCC_WARN_ABOUT_RETURN_TYPE = YES_ERROR;
				GCC_WARN_UNDECLARED_SELECTOR = YES;
				GCC_WARN_UNINITIALIZED_AUTOS = YES_AGGRESSIVE;
				GCC_WARN_UNUSED_FUNCTION = YES;
				GCC_WARN_UNUSED_VARIABLE = YES;
				MACOSX_DEPLOYMENT_TARGET = 10.12;
				MTL_ENABLE_DEBUG_INFO = NO;
				SDKROOT = macosx;
			};
			name = Release;
		};
		4863D0D81DC9ACF300BEA113 /* Debug */ = {
			isa = XCBuildConfiguration;
			buildSettings = {
				PRODUCT_NAME = "$(TARGET_NAME)";
			};
			name = Debug;
		};
		4863D0D91DC9ACF300BEA113 /* Release */ = {
			isa = XCBuildConfiguration;
			buildSettings = {
				PRODUCT_NAME = "$(TARGET_NAME)";
			};
			name = Release;
		};
/* End XCBuildConfiguration section */

/* Begin XCConfigurationList section */
		4863D0CB1DC9ACF300BEA113 /* Build configuration list for PBXProject "EX05_05" */ = {
			isa = XCConfigurationList;
			buildConfigurations = (
				4863D0D51DC9ACF300BEA113 /* Debug */,
				4863D0D61DC9ACF300BEA113 /* Release */,
			);
			defaultConfigurationIsVisible = 0;
			defaultConfigurationName = Release;
		};
		4863D0D71DC9ACF300BEA113 /* Build configuration list for PBXNativeTarget "EX05_05" */ = {
			isa = XCConfigurationList;
			buildConfigurations = (
				4863D0D81DC9ACF300BEA113 /* Debug */,
				4863D0D91DC9ACF300BEA113 /* Release */,
			);
			defaultConfigurationIsVisible = 0;
		};
/* End XCConfigurationList section */
	};
	rootObject = 4863D0C81DC9ACF300BEA113 /* Project object */;
}
